{
  "name": "hapi-advanced-router",
  "version": "1.0.0",
  "lockfileVersion": 1,
  "requires": true,
  "dependencies": {
    "@types/boom": {
      "version": "7.2.0",
      "resolved": "https://registry.npmjs.org/@types/boom/-/boom-7.2.0.tgz",
      "integrity": "sha512-HonbGsHFbskh9zRAzA6tabcw18mCOsSEOL2ibGAuVqk6e7nElcRmWO5L4UfIHpDbWBWw+eZYFdsQ1+MEGgpcVA=="
    },
    "@types/catbox": {
      "version": "10.0.0",
      "resolved": "https://registry.npmjs.org/@types/catbox/-/catbox-10.0.0.tgz",
      "integrity": "sha512-FVnKcN80WTKLTaCfUqd+L4h8j/SQdA66MMe1mOrWqOpEMnM0aHbBw1qNbRO1Bfhc4i4YXkFv27QAsP5L4VAgXg=="
    },
    "@types/hapi": {
      "version": "17.0.12",
      "resolved": "https://registry.npmjs.org/@types/hapi/-/hapi-17.0.12.tgz",
      "integrity": "sha512-OdCd3r7IVLM894EGA6jrrxJpbY7r3EG+jJBGveGshMxwxQE58mL7NdRcr4hmdCzsgUl3aVtZkSK4GpAf8C9kMw==",
      "requires": {
        "@types/boom": "*",
        "@types/catbox": "*",
        "@types/iron": "*",
        "@types/joi": "*",
        "@types/mimos": "*",
        "@types/node": "*",
        "@types/podium": "*",
        "@types/shot": "*"
      }
    },
    "@types/iron": {
      "version": "5.0.1",
      "resolved": "https://registry.npmjs.org/@types/iron/-/iron-5.0.1.tgz",
      "integrity": "sha512-Ng5BkVGPt7Tw9k1OJ6qYwuD9+dmnWgActmsnnrdvs4075N8V2go1f6Pz8omG3q5rbHjXN6yzzZDYo3JOgAE/Ug==",
      "requires": {
        "@types/node": "*"
      }
    },
    "@types/joi": {
      "version": "13.0.8",
      "resolved": "https://registry.npmjs.org/@types/joi/-/joi-13.0.8.tgz",
      "integrity": "sha512-GXYdIVpwBP5ZBOlHitSYfQdH+vWXVahhkeQwalX0LkoX7Mx0D3L3tg4vXXhr6nYHkEpWlAzWuEjgWEBtcp5NZA=="
    },
    "@types/mime-db": {
      "version": "1.27.0",
      "resolved": "https://registry.npmjs.org/@types/mime-db/-/mime-db-1.27.0.tgz",
      "integrity": "sha1-m8AUof0f30dknBpUxt15ZrgoR5I="
    },
    "@types/mimos": {
      "version": "3.0.1",
      "resolved": "https://registry.npmjs.org/@types/mimos/-/mimos-3.0.1.tgz",
      "integrity": "sha512-MATIRH4VMIJki8lcYUZdNQEHuAG7iQ1FWwoLgxV+4fUOly2xZYdhHtGgvQyWiTeJqq2tZbE0nOOgZD6pR0FpNQ==",
      "requires": {
        "@types/mime-db": "*"
      }
    },
    "@types/node": {
      "version": "10.1.2",
      "resolved": "https://registry.npmjs.org/@types/node/-/node-10.1.2.tgz",
      "integrity": "sha512-bjk1RIeZBCe/WukrFToIVegOf91Pebr8cXYBwLBIsfiGWVQ+ifwWsT59H3RxrWzWrzd1l/Amk1/ioY5Fq3/bpA=="
    },
    "@types/podium": {
      "version": "1.0.0",
      "resolved": "https://registry.npmjs.org/@types/podium/-/podium-1.0.0.tgz",
      "integrity": "sha1-v6ohUb4rHWEJzGn3+qnawsujuyA="
    },
    "@types/shot": {
      "version": "3.4.0",
      "resolved": "https://registry.npmjs.org/@types/shot/-/shot-3.4.0.tgz",
      "integrity": "sha1-RZR3xRh9Pr0wNmCrCZ5+ng87ZW8=",
      "requires": {
        "@types/node": "*"
      }
    },
    "case": {
      "version": "1.5.5",
      "resolved": "https://registry.npmjs.org/case/-/case-1.5.5.tgz",
      "integrity": "sha512-tQm8bxc8L9Dk/6FGhtBtV89rrRzqytUbdLqGZxmGwYKqeAD0VmLc8kYSqm0GXOTsf9r1tc0bzq+CDLqtrjiuHw=="
    },
    "typescript": {
      "version": "2.8.3",
      "resolved": "https://registry.npmjs.org/typescript/-/typescript-2.8.3.tgz",
      "integrity": "sha512-K7g15Bb6Ra4lKf7Iq2l/I5/En+hLIHmxWZGq3D4DIRNFxMNV6j2SHSvDOqs2tGd4UvD/fJvrwopzQXjLrT7Itw=="
    }
  }
}
